PODS:
  - FirebaseOSX (2.5.1)
  - GTMOAuth2 (1.1.2):
    - GTMSessionFetcher (~> 1.1)
  - GTMSessionFetcher (1.1.6):
    - GTMSessionFetcher/Full (= 1.1.6)
  - GTMSessionFetcher/Core (1.1.6)
  - GTMSessionFetcher/Full (1.1.6):
    - GTMSessionFetcher/Core (= 1.1.6)
  - Siesta (1.0-beta.9):
    - Siesta/Core (= 1.0-beta.9)
  - Siesta/Core (1.0-beta.9)
  - SlackKit (2.0.0):
    - Starscream (~> 1.1.3)
    - Swifter
  - Starscream (1.1.3)
  - Swifter (1.2.6)
  - SwiftyJSON (2.3.2)

DEPENDENCIES:
  - FirebaseOSX
  - GTMOAuth2
  - Siesta (= 1.0-beta.9)
  - SlackKit
  - SwiftyJSON

SPEC CHECKSUMS:
  FirebaseOSX: 16300443a18fce7875be772e7f0f259726065258
  GTMOAuth2: 1707e2f7fe3a6d7240223c23c473ba5a2d104474
  GTMSessionFetcher: 6aacd0ab48ddf0c3633ab2642d792abfcad1b08a
  Siesta: 265fbf9b566a627be18c3308d5d74029fcfda152
  SlackKit: bdd2ad0cd22b08da59fac1ba3e390bf19f23dcfe
  Starscream: d662732354b40dd19ed1ece3e3c44c80b536b83c
  Swifter: c6f13d053398f1e2f209c7a394dfd5e863ae0157
  SwiftyJSON: 04ccea08915aa0109039157c7974cf0298da292a

PODFILE CHECKSUM: 5b105da84b8013417135df8c3eb81d10e301edaa

COCOAPODS: 1.0.0
