// !$*UTF8*$!
{
	archiveVersion = 1;
	classes = {
	};
	objectVersion = 46;
	objects = {

/* Begin PBXBuildFile section */
		FB3F58931D590075002C5078 /* AppDelegate.swift in Sources */ = {isa = PBXBuildFile; fileRef = FB3F58921D590075002C5078 /* AppDelegate.swift */; };
		FB3F58951D590075002C5078 /* ViewController.swift in Sources */ = {isa = PBXBuildFile; fileRef = FB3F58941D590075002C5078 /* ViewController.swift */; };
		FB3F58971D590075002C5078 /* Document.swift in Sources */ = {isa = PBXBuildFile; fileRef = FB3F58961D590075002C5078 /* Document.swift */; };
		FB3F589A1D590075002C5078 /* Document.xcdatamodeld in Sources */ = {isa = PBXBuildFile; fileRef = FB3F58981D590075002C5078 /* Document.xcdatamodeld */; };
		FB3F589C1D590077002C5078 /* Assets.xcassets in Resources */ = {isa = PBXBuildFile; fileRef = FB3F589B1D590077002C5078 /* Assets.xcassets */; };
		FB3F589F1D590077002C5078 /* Main.storyboard in Resources */ = {isa = PBXBuildFile; fileRef = FB3F589D1D590077002C5078 /* Main.storyboard */; };
		FBCC5AE31D5A2DB90015D32B /* mainWindowController.swift in Sources */ = {isa = PBXBuildFile; fileRef = FBCC5AE21D5A2DB90015D32B /* mainWindowController.swift */; };
		FBCC5AE51D5A58B20015D32B /* Quartz.framework in Frameworks */ = {isa = PBXBuildFile; fileRef = FBCC5AE41D5A58B20015D32B /* Quartz.framework */; };
/* End PBXBuildFile section */

/* Begin PBXFileReference section */
		FB3F588F1D590075002C5078 /* mApp.app */ = {isa = PBXFileReference; explicitFileType = wrapper.application; includeInIndex = 0; path = mApp.app; sourceTree = BUILT_PRODUCTS_DIR; };
		FB3F58921D590075002C5078 /* AppDelegate.swift */ = {isa = PBXFileReference; lastKnownFileType = sourcecode.swift; path = AppDelegate.swift; sourceTree = "<group>"; };
		FB3F58941D590075002C5078 /* ViewController.swift */ = {isa = PBXFileReference; lastKnownFileType = sourcecode.swift; path = ViewController.swift; sourceTree = "<group>"; };
		FB3F58961D590075002C5078 /* Document.swift */ = {isa = PBXFileReference; lastKnownFileType = sourcecode.swift; path = Document.swift; sourceTree = "<group>"; };
		FB3F58991D590075002C5078 /* Document.xcdatamodel */ = {isa = PBXFileReference; lastKnownFileType = wrapper.xcdatamodel; path = Document.xcdatamodel; sourceTree = "<group>"; };
		FB3F589B1D590077002C5078 /* Assets.xcassets */ = {isa = PBXFileReference; lastKnownFileType = folder.assetcatalog; path = Assets.xcassets; sourceTree = "<group>"; };
		FB3F589E1D590077002C5078 /* Base */ = {isa = PBXFileReference; lastKnownFileType = file.storyboard; name = Base; path = Base.lproj/Main.storyboard; sourceTree = "<group>"; };
		FB3F58A01D590077002C5078 /* Info.plist */ = {isa = PBXFileReference; lastKnownFileType = text.plist.xml; path = Info.plist; sourceTree = "<group>"; };
		FBCC5AE21D5A2DB90015D32B /* mainWindowController.swift */ = {isa = PBXFileReference; fileEncoding = 4; lastKnownFileType = sourcecode.swift; path = mainWindowController.swift; sourceTree = "<group>"; };
		FBCC5AE41D5A58B20015D32B /* Quartz.framework */ = {isa = PBXFileReference; lastKnownFileType = wrapper.framework; name = Quartz.framework; path = System/Library/Frameworks/Quartz.framework; sourceTree = SDKROOT; };
/* End PBXFileReference section */

/* Begin PBXFrameworksBuildPhase section */
		FB3F588C1D590075002C5078 /* Frameworks */ = {
			isa = PBXFrameworksBuildPhase;
			buildActionMask = 2147483647;
			files = (
				FBCC5AE51D5A58B20015D32B /* Quartz.framework in Frameworks */,
			);
			runOnlyForDeploymentPostprocessing = 0;
		};
/* End PBXFrameworksBuildPhase section */

/* Begin PBXGroup section */
		FB3F58861D590075002C5078 = {
			isa = PBXGroup;
			children = (
				FBCC5AE41D5A58B20015D32B /* Quartz.framework */,
				FB3F58911D590075002C5078 /* mApp */,
				FB3F58901D590075002C5078 /* Products */,
			);
			sourceTree = "<group>";
		};
		FB3F58901D590075002C5078 /* Products */ = {
			isa = PBXGroup;
			children = (
				FB3F588F1D590075002C5078 /* mApp.app */,
			);
			name = Products;
			sourceTree = "<group>";
		};
		FB3F58911D590075002C5078 /* mApp */ = {
			isa = PBXGroup;
			children = (
				FB3F58921D590075002C5078 /* AppDelegate.swift */,
				FBCC5AE21D5A2DB90015D32B /* mainWindowController.swift */,
				FB3F58941D590075002C5078 /* ViewController.swift */,
				FB3F58961D590075002C5078 /* Document.swift */,
				FB3F589B1D590077002C5078 /* Assets.xcassets */,
				FB3F589D1D590077002C5078 /* Main.storyboard */,
				FB3F58A01D590077002C5078 /* Info.plist */,
				FB3F58981D590075002C5078 /* Document.xcdatamodeld */,
			);
			path = mApp;
			sourceTree = "<group>";
		};
/* End PBXGroup section */

/* Begin PBXNativeTarget section */
		FB3F588E1D590075002C5078 /* mApp */ = {
			isa = PBXNativeTarget;
			buildConfigurationList = FB3F58A31D590077002C5078 /* Build configuration list for PBXNativeTarget "mApp" */;
			buildPhases = (
				FB3F588B1D590075002C5078 /* Sources */,
				FB3F588C1D590075002C5078 /* Frameworks */,
				FB3F588D1D590075002C5078 /* Resources */,
			);
			buildRules = (
			);
			dependencies = (
			);
			name = mApp;
			productName = mApp;
			productReference = FB3F588F1D590075002C5078 /* mApp.app */;
			productType = "com.apple.product-type.application";
		};
/* End PBXNativeTarget section */

/* Begin PBXProject section */
		FB3F58871D590075002C5078 /* Project object */ = {
			isa = PBXProject;
			attributes = {
				LastSwiftUpdateCheck = 0730;
				LastUpgradeCheck = 0730;
				ORGANIZATIONNAME = nafehshoaib;
				TargetAttributes = {
					FB3F588E1D590075002C5078 = {
						CreatedOnToolsVersion = 7.3.1;
					};
				};
			};
			buildConfigurationList = FB3F588A1D590075002C5078 /* Build configuration list for PBXProject "mApp" */;
			compatibilityVersion = "Xcode 3.2";
			developmentRegion = English;
			hasScannedForEncodings = 0;
			knownRegions = (
				en,
				Base,
			);
			mainGroup = FB3F58861D590075002C5078;
			productRefGroup = FB3F58901D590075002C5078 /* Products */;
			projectDirPath = "";
			projectRoot = "";
			targets = (
				FB3F588E1D590075002C5078 /* mApp */,
			);
		};
/* End PBXProject section */

/* Begin PBXResourcesBuildPhase section */
		FB3F588D1D590075002C5078 /* Resources */ = {
			isa = PBXResourcesBuildPhase;
			buildActionMask = 2147483647;
			files = (
				FB3F589C1D590077002C5078 /* Assets.xcassets in Resources */,
				FB3F589F1D590077002C5078 /* Main.storyboard in Resources */,
			);
			runOnlyForDeploymentPostprocessing = 0;
		};
/* End PBXResourcesBuildPhase section */

/* Begin PBXSourcesBuildPhase section */
		FB3F588B1D590075002C5078 /* Sources */ = {
			isa = PBXSourcesBuildPhase;
			buildActionMask = 2147483647;
			files = (
				FBCC5AE31D5A2DB90015D32B /* mainWindowController.swift in Sources */,
				FB3F589A1D590075002C5078 /* Document.xcdatamodeld in Sources */,
				FB3F58951D590075002C5078 /* ViewController.swift in Sources */,
				FB3F58931D590075002C5078 /* AppDelegate.swift in Sources */,
				FB3F58971D590075002C5078 /* Document.swift in Sources */,
			);
			runOnlyForDeploymentPostprocessing = 0;
		};
/* End PBXSourcesBuildPhase section */

/* Begin PBXVariantGroup section */
		FB3F589D1D590077002C5078 /* Main.storyboard */ = {
			isa = PBXVariantGroup;
			children = (
				FB3F589E1D590077002C5078 /* Base */,
			);
			name = Main.storyboard;
			sourceTree = "<group>";
		};
/* End PBXVariantGroup section */

/* Begin XCBuildConfiguration section */
		FB3F58A11D590077002C5078 /* Debug */ = {
			isa = XCBuildConfiguration;
			buildSettings = {
				ALWAYS_SEARCH_USER_PATHS = NO;
				CLANG_ANALYZER_NONNULL = YES;
				CLANG_CXX_LANGUAGE_STANDARD = "gnu++0x";
				CLANG_CXX_LIBRARY = "libc++";
				CLANG_ENABLE_MODULES = YES;
				CLANG_ENABLE_OBJC_ARC = YES;
				CLANG_WARN_BOOL_CONVERSION = YES;
				CLANG_WARN_CONSTANT_CONVERSION = YES;
				CLANG_WARN_DIRECT_OBJC_ISA_USAGE = YES_ERROR;
				CLANG_WARN_EMPTY_BODY = YES;
				CLANG_WARN_ENUM_CONVERSION = YES;
				CLANG_WARN_INT_CONVERSION = YES;
				CLANG_WARN_OBJC_ROOT_CLASS = YES_ERROR;
				CLANG_WARN_UNREACHABLE_CODE = YES;
				CLANG_WARN__DUPLICATE_METHOD_MATCH = YES;
				CODE_SIGN_IDENTITY = "-";
				COPY_PHASE_STRIP = NO;
				DEBUG_INFORMATION_FORMAT = dwarf;
				ENABLE_STRICT_OBJC_MSGSEND = YES;
				ENABLE_TESTABILITY = YES;
				GCC_C_LANGUAGE_STANDARD = gnu99;
				GCC_DYNAMIC_NO_PIC = NO;
				GCC_NO_COMMON_BLOCKS = YES;
				GCC_OPTIMIZATION_LEVEL = 0;
				GCC_PREPROCESSOR_DEFINITIONS = (
					"DEBUG=1",
					"$(inherited)",
				);
				GCC_WARN_64_TO_32_BIT_CONVERSION = YES;
				GCC_WARN_ABOUT_RETURN_TYPE = YES_ERROR;
				GCC_WARN_UNDECLARED_SELECTOR = YES;
				GCC_WARN_UNINITIALIZED_AUTOS = YES_AGGRESSIVE;
				GCC_WARN_UNUSED_FUNCTION = YES;
				GCC_WARN_UNUSED_VARIABLE = YES;
				MACOSX_DEPLOYMENT_TARGET = 10.11;
				MTL_ENABLE_DEBUG_INFO = YES;
				ONLY_ACTIVE_ARCH = YES;
				SDKROOT = macosx;
				SWIFT_OPTIMIZATION_LEVEL = "-Onone";
			};
			name = Debug;
		};
		FB3F58A21D590077002C5078 /* Release */ = {
			isa = XCBuildConfiguration;
			buildSettings = {
				ALWAYS_SEARCH_USER_PATHS = NO;
				CLANG_ANALYZER_NONNULL = YES;
				CLANG_CXX_LANGUAGE_STANDARD = "gnu++0x";
				CLANG_CXX_LIBRARY = "libc++";
				CLANG_ENABLE_MODULES = YES;
				CLANG_ENABLE_OBJC_ARC = YES;
				CLANG_WARN_BOOL_CONVERSION = YES;
				CLANG_WARN_CONSTANT_CONVERSION = YES;
				CLANG_WARN_DIRECT_OBJC_ISA_USAGE = YES_ERROR;
				CLANG_WARN_EMPTY_BODY = YES;
				CLANG_WARN_ENUM_CONVERSION = YES;
				CLANG_WARN_INT_CONVERSION = YES;
				CLANG_WARN_OBJC_ROOT_CLASS = YES_ERROR;
				CLANG_WARN_UNREACHABLE_CODE = YES;
				CLANG_WARN__DUPLICATE_METHOD_MATCH = YES;
				CODE_SIGN_IDENTITY = "-";
				COPY_PHASE_STRIP = NO;
				DEBUG_INFORMATION_FORMAT = "dwarf-with-dsym";
				ENABLE_NS_ASSERTIONS = NO;
				ENABLE_STRICT_OBJC_MSGSEND = YES;
				GCC_C_LANGUAGE_STANDARD = gnu99;
				GCC_NO_COMMON_BLOCKS = YES;
				GCC_WARN_64_TO_32_BIT_CONVERSION = YES;
				GCC_WARN_ABOUT_RETURN_TYPE = YES_ERROR;
				GCC_WARN_UNDECLARED_SELECTOR = YES;
				GCC_WARN_UNINITIALIZED_AUTOS = YES_AGGRESSIVE;
				GCC_WARN_UNUSED_FUNCTION = YES;
				GCC_WARN_UNUSED_VARIABLE = YES;
				MACOSX_DEPLOYMENT_TARGET = 10.11;
				MTL_ENABLE_DEBUG_INFO = NO;
				SDKROOT = macosx;
			};
			name = Release;
		};
		FB3F58A41D590077002C5078 /* Debug */ = {
			isa = XCBuildConfiguration;
			buildSettings = {
				ASSETCATALOG_COMPILER_APPICON_NAME = AppIcon;
				COMBINE_HIDPI_IMAGES = YES;
				INFOPLIST_FILE = mApp/Info.plist;
				LD_RUNPATH_SEARCH_PATHS = "$(inherited) @executable_path/../Frameworks";
				PRODUCT_BUNDLE_IDENTIFIER = com.twg.mApp;
				PRODUCT_NAME = "$(TARGET_NAME)";
			};
			name = Debug;
		};
		FB3F58A51D590077002C5078 /* Release */ = {
			isa = XCBuildConfiguration;
			buildSettings = {
				ASSETCATALOG_COMPILER_APPICON_NAME = AppIcon;
				COMBINE_HIDPI_IMAGES = YES;
				INFOPLIST_FILE = mApp/Info.plist;
				LD_RUNPATH_SEARCH_PATHS = "$(inherited) @executable_path/../Frameworks";
				PRODUCT_BUNDLE_IDENTIFIER = com.twg.mApp;
				PRODUCT_NAME = "$(TARGET_NAME)";
			};
			name = Release;
		};
/* End XCBuildConfiguration section */

/* Begin XCConfigurationList section */
		FB3F588A1D590075002C5078 /* Build configuration list for PBXProject "mApp" */ = {
			isa = XCConfigurationList;
			buildConfigurations = (
				FB3F58A11D590077002C5078 /* Debug */,
				FB3F58A21D590077002C5078 /* Release */,
			);
			defaultConfigurationIsVisible = 0;
			defaultConfigurationName = Release;
		};
		FB3F58A31D590077002C5078 /* Build configuration list for PBXNativeTarget "mApp" */ = {
			isa = XCConfigurationList;
			buildConfigurations = (
				FB3F58A41D590077002C5078 /* Debug */,
				FB3F58A51D590077002C5078 /* Release */,
			);
			defaultConfigurationIsVisible = 0;
			defaultConfigurationName = Release;
		};
/* End XCConfigurationList section */

/* Begin XCVersionGroup section */
		FB3F58981D590075002C5078 /* Document.xcdatamodeld */ = {
			isa = XCVersionGroup;
			children = (
				FB3F58991D590075002C5078 /* Document.xcdatamodel */,
			);
			currentVersion = FB3F58991D590075002C5078 /* Document.xcdatamodel */;
			path = Document.xcdatamodeld;
			sourceTree = "<group>";
			versionGroupType = wrapper.xcdatamodel;
		};
/* End XCVersionGroup section */
	};
	rootObject = FB3F58871D590075002C5078 /* Project object */;
}
